{
  "name": "mouselab-mdp",
  "version": "0.1.0",
  "lockfileVersion": 3,
  "requires": true,
  "packages": {
    "": {
      "name": "mouselab-mdp",
      "version": "0.1.0",
      "license": "MIT",
      "devDependencies": {
        "coffeescript": "2.2.2"
      }
    },
    "node_modules/coffeescript": {
      "version": "2.2.2",
      "resolved": "https://registry.npmjs.org/coffeescript/-/coffeescript-2.2.2.tgz",
      "integrity": "sha512-VJnQbuT/lUXFPeh9ZPwuqZjG216ngxE89vfj1a1hlAaCCVOb694kKXMVSMm9kLKTbkMQKc/dPs9ABjO2ghMMJQ==",
      "dev": true,
      "license": "MIT",
      "bin": {
        "cake": "bin/cake",
        "coffee": "bin/coffee"
      },
      "engines": {
        "node": ">=6"
      }
    }
  }
}
